// !$*UTF8*$!
{
	archiveVersion = 1;
	classes = {
	};
	objectVersion = 46;
	objects = {

/* Begin PBXBuildFile section */
		FBE339231F1E016800D76637 /* AppDelegate.swift in Sources */ = {isa = PBXBuildFile; fileRef = FBE339221F1E016800D76637 /* AppDelegate.swift */; };
		FBE339251F1E016800D76637 /* ViewController.swift in Sources */ = {isa = PBXBuildFile; fileRef = FBE339241F1E016800D76637 /* ViewController.swift */; };
		FBE339281F1E016800D76637 /* Main.storyboard in Resources */ = {isa = PBXBuildFile; fileRef = FBE339261F1E016800D76637 /* Main.storyboard */; };
		FBE3392A1F1E016800D76637 /* Assets.xcassets in Resources */ = {isa = PBXBuildFile; fileRef = FBE339291F1E016800D76637 /* Assets.xcassets */; };
		FBE3392D1F1E016800D76637 /* LaunchScreen.storyboard in Resources */ = {isa = PBXBuildFile; fileRef = FBE3392B1F1E016800D76637 /* LaunchScreen.storyboard */; };
		FBE339351F1E018C00D76637 /* CQBannerView.swift in Sources */ = {isa = PBXBuildFile; fileRef = FBE339341F1E018C00D76637 /* CQBannerView.swift */; };
		FBE339371F1E07A500D76637 /* banner@3x.png in Resources */ = {isa = PBXBuildFile; fileRef = FBE339361F1E07A500D76637 /* banner@3x.png */; };
/* End PBXBuildFile section */

/* Begin PBXFileReference section */
		FBE3391F1F1E016800D76637 /* CQBanner.app */ = {isa = PBXFileReference; explicitFileType = wrapper.application; includeInIndex = 0; path = CQBanner.app; sourceTree = BUILT_PRODUCTS_DIR; };
		FBE339221F1E016800D76637 /* AppDelegate.swift */ = {isa = PBXFileReference; lastKnownFileType = sourcecode.swift; path = AppDelegate.swift; sourceTree = "<group>"; };
		FBE339241F1E016800D76637 /* ViewController.swift */ = {isa = PBXFileReference; lastKnownFileType = sourcecode.swift; path = ViewController.swift; sourceTree = "<group>"; };
		FBE339271F1E016800D76637 /* Base */ = {isa = PBXFileReference; lastKnownFileType = file.storyboard; name = Base; path = Base.lproj/Main.storyboard; sourceTree = "<group>"; };
		FBE339291F1E016800D76637 /* Assets.xcassets */ = {isa = PBXFileReference; lastKnownFileType = folder.assetcatalog; path = Assets.xcassets; sourceTree = "<group>"; };
		FBE3392C1F1E016800D76637 /* Base */ = {isa = PBXFileReference; lastKnownFileType = file.storyboard; name = Base; path = Base.lproj/LaunchScreen.storyboard; sourceTree = "<group>"; };
		FBE3392E1F1E016800D76637 /* Info.plist */ = {isa = PBXFileReference; lastKnownFileType = text.plist.xml; path = Info.plist; sourceTree = "<group>"; };
		FBE339341F1E018C00D76637 /* CQBannerView.swift */ = {isa = PBXFileReference; fileEncoding = 4; lastKnownFileType = sourcecode.swift; path = CQBannerView.swift; sourceTree = "<group>"; };
		FBE339361F1E07A500D76637 /* banner@3x.png */ = {isa = PBXFileReference; lastKnownFileType = image.png; path = "banner@3x.png"; sourceTree = "<group>"; };
/* End PBXFileReference section */

/* Begin PBXFrameworksBuildPhase section */
		FBE3391C1F1E016800D76637 /* Frameworks */ = {
			isa = PBXFrameworksBuildPhase;
			buildActionMask = 2147483647;
			files = (
			);
			runOnlyForDeploymentPostprocessing = 0;
		};
/* End PBXFrameworksBuildPhase section */

/* Begin PBXGroup section */
		FBE339161F1E016800D76637 = {
			isa = PBXGroup;
			children = (
				FBE339211F1E016800D76637 /* CQBanner */,
				FBE339201F1E016800D76637 /* Products */,
			);
			sourceTree = "<group>";
		};
		FBE339201F1E016800D76637 /* Products */ = {
			isa = PBXGroup;
			children = (
				FBE3391F1F1E016800D76637 /* CQBanner.app */,
			);
			name = Products;
			sourceTree = "<group>";
		};
		FBE339211F1E016800D76637 /* CQBanner */ = {
			isa = PBXGroup;
			children = (
				FBE339361F1E07A500D76637 /* banner@3x.png */,
				FBE339221F1E016800D76637 /* AppDelegate.swift */,
				FBE339241F1E016800D76637 /* ViewController.swift */,
				FBE339341F1E018C00D76637 /* CQBannerView.swift */,
				FBE339261F1E016800D76637 /* Main.storyboard */,
				FBE339291F1E016800D76637 /* Assets.xcassets */,
				FBE3392B1F1E016800D76637 /* LaunchScreen.storyboard */,
				FBE3392E1F1E016800D76637 /* Info.plist */,
			);
			path = CQBanner;
			sourceTree = "<group>";
		};
/* End PBXGroup section */

/* Begin PBXNativeTarget section */
		FBE3391E1F1E016800D76637 /* CQBanner */ = {
			isa = PBXNativeTarget;
			buildConfigurationList = FBE339311F1E016800D76637 /* Build configuration list for PBXNativeTarget "CQBanner" */;
			buildPhases = (
				FBE3391B1F1E016800D76637 /* Sources */,
				FBE3391C1F1E016800D76637 /* Frameworks */,
				FBE3391D1F1E016800D76637 /* Resources */,
			);
			buildRules = (
			);
			dependencies = (
			);
			name = CQBanner;
			productName = CQBanner;
			productReference = FBE3391F1F1E016800D76637 /* CQBanner.app */;
			productType = "com.apple.product-type.application";
		};
/* End PBXNativeTarget section */

/* Begin PBXProject section */
		FBE339171F1E016800D76637 /* Project object */ = {
			isa = PBXProject;
			attributes = {
				LastSwiftUpdateCheck = 0830;
				LastUpgradeCheck = 0830;
				ORGANIZATIONNAME = YCQ;
				TargetAttributes = {
					FBE3391E1F1E016800D76637 = {
						CreatedOnToolsVersion = 8.3.3;
						DevelopmentTeam = E657N4MDZF;
						ProvisioningStyle = Automatic;
					};
				};
			};
			buildConfigurationList = FBE3391A1F1E016800D76637 /* Build configuration list for PBXProject "CQBanner" */;
			compatibilityVersion = "Xcode 3.2";
			developmentRegion = English;
			hasScannedForEncodings = 0;
			knownRegions = (
				en,
				Base,
			);
			mainGroup = FBE339161F1E016800D76637;
			productRefGroup = FBE339201F1E016800D76637 /* Products */;
			projectDirPath = "";
			projectRoot = "";
			targets = (
				FBE3391E1F1E016800D76637 /* CQBanner */,
			);
		};
/* End PBXProject section */

/* Begin PBXResourcesBuildPhase section */
		FBE3391D1F1E016800D76637 /* Resources */ = {
			isa = PBXResourcesBuildPhase;
			buildActionMask = 2147483647;
			files = (
				FBE3392D1F1E016800D76637 /* LaunchScreen.storyboard in Resources */,
				FBE339371F1E07A500D76637 /* banner@3x.png in Resources */,
				FBE3392A1F1E016800D76637 /* Assets.xcassets in Resources */,
				FBE339281F1E016800D76637 /* Main.storyboard in Resources */,
			);
			runOnlyForDeploymentPostprocessing = 0;
		};
/* End PBXResourcesBuildPhase section */

/* Begin PBXSourcesBuildPhase section */
		FBE3391B1F1E016800D76637 /* Sources */ = {
			isa = PBXSourcesBuildPhase;
			buildActionMask = 2147483647;
			files = (
				FBE339251F1E016800D76637 /* ViewController.swift in Sources */,
				FBE339351F1E018C00D76637 /* CQBannerView.swift in Sources */,
				FBE339231F1E016800D76637 /* AppDelegate.swift in Sources */,
			);
			runOnlyForDeploymentPostprocessing = 0;
		};
/* End PBXSourcesBuildPhase section */

/* Begin PBXVariantGroup section */
		FBE339261F1E016800D76637 /* Main.storyboard */ = {
			isa = PBXVariantGroup;
			children = (
				FBE339271F1E016800D76637 /* Base */,
			);
			name = Main.storyboard;
			sourceTree = "<group>";
		};
		FBE3392B1F1E016800D76637 /* LaunchScreen.storyboard */ = {
			isa = PBXVariantGroup;
			children = (
				FBE3392C1F1E016800D76637 /* Base */,
			);
			name = LaunchScreen.storyboard;
			sourceTree = "<group>";
		};
/* End PBXVariantGroup section */

/* Begin XCBuildConfiguration section */
		FBE3392F1F1E016800D76637 /* Debug */ = {
			isa = XCBuildConfiguration;
			buildSettings = {
				ALWAYS_SEARCH_USER_PATHS = NO;
				CLANG_ANALYZER_NONNULL = YES;
				CLANG_ANALYZER_NUMBER_OBJECT_CONVERSION = YES_AGGRESSIVE;
				CLANG_CXX_LANGUAGE_STANDARD = "gnu++0x";
				CLANG_CXX_LIBRARY = "libc++";
				CLANG_ENABLE_MODULES = YES;
				CLANG_ENABLE_OBJC_ARC = YES;
				CLANG_WARN_BOOL_CONVERSION = YES;
				CLANG_WARN_CONSTANT_CONVERSION = YES;
				CLANG_WARN_DIRECT_OBJC_ISA_USAGE = YES_ERROR;
				CLANG_WARN_DOCUMENTATION_COMMENTS = YES;
				CLANG_WARN_EMPTY_BODY = YES;
				CLANG_WARN_ENUM_CONVERSION = YES;
				CLANG_WARN_INFINITE_RECURSION = YES;
				CLANG_WARN_INT_CONVERSION = YES;
				CLANG_WARN_OBJC_ROOT_CLASS = YES_ERROR;
				CLANG_WARN_SUSPICIOUS_MOVE = YES;
				CLANG_WARN_UNREACHABLE_CODE = YES;
				CLANG_WARN__DUPLICATE_METHOD_MATCH = YES;
				"CODE_SIGN_IDENTITY[sdk=iphoneos*]" = "iPhone Developer";
				COPY_PHASE_STRIP = NO;
				DEBUG_INFORMATION_FORMAT = dwarf;
				ENABLE_STRICT_OBJC_MSGSEND = YES;
				ENABLE_TESTABILITY = YES;
				GCC_C_LANGUAGE_STANDARD = gnu99;
				GCC_DYNAMIC_NO_PIC = NO;
				GCC_NO_COMMON_BLOCKS = YES;
				GCC_OPTIMIZATION_LEVEL = 0;
				GCC_PREPROCESSOR_DEFINITIONS = (
					"DEBUG=1",
					"$(inherited)",
				);
				GCC_WARN_64_TO_32_BIT_CONVERSION = YES;
				GCC_WARN_ABOUT_RETURN_TYPE = YES_ERROR;
				GCC_WARN_UNDECLARED_SELECTOR = YES;
				GCC_WARN_UNINITIALIZED_AUTOS = YES_AGGRESSIVE;
				GCC_WARN_UNUSED_FUNCTION = YES;
				GCC_WARN_UNUSED_VARIABLE = YES;
				IPHONEOS_DEPLOYMENT_TARGET = 10.3;
				MTL_ENABLE_DEBUG_INFO = YES;
				ONLY_ACTIVE_ARCH = YES;
				SDKROOT = iphoneos;
				SWIFT_ACTIVE_COMPILATION_CONDITIONS = DEBUG;
				SWIFT_OPTIMIZATION_LEVEL = "-Onone";
				TARGETED_DEVICE_FAMILY = "1,2";
			};
			name = Debug;
		};
		FBE339301F1E016800D76637 /* Release */ = {
			isa = XCBuildConfiguration;
			buildSettings = {
				ALWAYS_SEARCH_USER_PATHS = NO;
				CLANG_ANALYZER_NONNULL = YES;
				CLANG_ANALYZER_NUMBER_OBJECT_CONVERSION = YES_AGGRESSIVE;
				CLANG_CXX_LANGUAGE_STANDARD = "gnu++0x";
				CLANG_CXX_LIBRARY = "libc++";
				CLANG_ENABLE_MODULES = YES;
				CLANG_ENABLE_OBJC_ARC = YES;
				CLANG_WARN_BOOL_CONVERSION = YES;
				CLANG_WARN_CONSTANT_CONVERSION = YES;
				CLANG_WARN_DIRECT_OBJC_ISA_USAGE = YES_ERROR;
				CLANG_WARN_DOCUMENTATION_COMMENTS = YES;
				CLANG_WARN_EMPTY_BODY = YES;
				CLANG_WARN_ENUM_CONVERSION = YES;
				CLANG_WARN_INFINITE_RECURSION = YES;
				CLANG_WARN_INT_CONVERSION = YES;
				CLANG_WARN_OBJC_ROOT_CLASS = YES_ERROR;
				CLANG_WARN_SUSPICIOUS_MOVE = YES;
				CLANG_WARN_UNREACHABLE_CODE = YES;
				CLANG_WARN__DUPLICATE_METHOD_MATCH = YES;
				"CODE_SIGN_IDENTITY[sdk=iphoneos*]" = "iPhone Developer";
				COPY_PHASE_STRIP = NO;
				DEBUG_INFORMATION_FORMAT = "dwarf-with-dsym";
				ENABLE_NS_ASSERTIONS = NO;
				ENABLE_STRICT_OBJC_MSGSEND = YES;
				GCC_C_LANGUAGE_STANDARD = gnu99;
				GCC_NO_COMMON_BLOCKS = YES;
				GCC_WARN_64_TO_32_BIT_CONVERSION = YES;
				GCC_WARN_ABOUT_RETURN_TYPE = YES_ERROR;
				GCC_WARN_UNDECLARED_SELECTOR = YES;
				GCC_WARN_UNINITIALIZED_AUTOS = YES_AGGRESSIVE;
				GCC_WARN_UNUSED_FUNCTION = YES;
				GCC_WARN_UNUSED_VARIABLE = YES;
				IPHONEOS_DEPLOYMENT_TARGET = 10.3;
				MTL_ENABLE_DEBUG_INFO = NO;
				SDKROOT = iphoneos;
				SWIFT_OPTIMIZATION_LEVEL = "-Owholemodule";
				TARGETED_DEVICE_FAMILY = "1,2";
				VALIDATE_PRODUCT = YES;
			};
			name = Release;
		};
		FBE339321F1E016800D76637 /* Debug */ = {
			isa = XCBuildConfiguration;
			buildSettings = {
				ASSETCATALOG_COMPILER_APPICON_NAME = AppIcon;
				DEVELOPMENT_TEAM = E657N4MDZF;
				FRAMEWORK_SEARCH_PATHS = (
					"$(inherited)",
					"$(PROJECT_DIR)/CQBanner/SDWebImage",
				);
				INFOPLIST_FILE = CQBanner/Info.plist;
				LD_RUNPATH_SEARCH_PATHS = "$(inherited) @executable_path/Frameworks";
				PRODUCT_BUNDLE_IDENTIFIER = com.leholady.CQBanner;
				PRODUCT_NAME = "$(TARGET_NAME)";
				SWIFT_VERSION = 3.0;
			};
			name = Debug;
		};
		FBE339331F1E016800D76637 /* Release */ = {
			isa = XCBuildConfiguration;
			buildSettings = {
				ASSETCATALOG_COMPILER_APPICON_NAME = AppIcon;
				DEVELOPMENT_TEAM = E657N4MDZF;
				FRAMEWORK_SEARCH_PATHS = (
					"$(inherited)",
					"$(PROJECT_DIR)/CQBanner/SDWebImage",
				);
				INFOPLIST_FILE = CQBanner/Info.plist;
				LD_RUNPATH_SEARCH_PATHS = "$(inherited) @executable_path/Frameworks";
				PRODUCT_BUNDLE_IDENTIFIER = com.leholady.CQBanner;
				PRODUCT_NAME = "$(TARGET_NAME)";
				SWIFT_VERSION = 3.0;
			};
			name = Release;
		};
/* End XCBuildConfiguration section */

/* Begin XCConfigurationList section */
		FBE3391A1F1E016800D76637 /* Build configuration list for PBXProject "CQBanner" */ = {
			isa = XCConfigurationList;
			buildConfigurations = (
				FBE3392F1F1E016800D76637 /* Debug */,
				FBE339301F1E016800D76637 /* Release */,
			);
			defaultConfigurationIsVisible = 0;
			defaultConfigurationName = Release;
		};
		FBE339311F1E016800D76637 /* Build configuration list for PBXNativeTarget "CQBanner" */ = {
			isa = XCConfigurationList;
			buildConfigurations = (
				FBE339321F1E016800D76637 /* Debug */,
				FBE339331F1E016800D76637 /* Release */,
			);
			defaultConfigurationIsVisible = 0;
			defaultConfigurationName = Release;
		};
/* End XCConfigurationList section */
	};
	rootObject = FBE339171F1E016800D76637 /* Project object */;
}
